{
  "pins" : [
    {
      "identity" : "anyencodable",
      "kind" : "remoteSourceControl",
      "location" : "https://github.com/kojirou1994/AnyEncodable.git",
      "state" : {
        "revision" : "7b37d843fca576f78819aa2aecc1fccb8db5fef7",
        "version" : "0.1.0"
      }
    },
    {
      "identity" : "async-http-client",
      "kind" : "remoteSourceControl",
      "location" : "https://github.com/swift-server/async-http-client.git",
      "state" : {
        "revision" : "333e60cc90f52973f7ee29cd8e3a7f6adfe79f4e",
        "version" : "1.17.0"
      }
    },
    {
      "identity" : "dictionarycoding",
      "kind" : "remoteSourceControl",
      "location" : "https://github.com/elegantchaos/DictionaryCoding.git",
      "state" : {
        "revision" : "ae19e456bd550fed8f341e5bae4318333c53a5b4",
        "version" : "1.0.9"
      }
    },
    {
      "identity" : "kwift",
      "kind" : "remoteSourceControl",
      "location" : "https://github.com/kojirou1994/Kwift.git",
      "state" : {
        "revision" : "9261a1508b935fe574c2aff29ffc4bbca7a034e8",
        "version" : "1.0.1"
      }
    },
    {
      "identity" : "maxminddb",
      "kind" : "remoteSourceControl",
      "location" : "https://github.com/kojirou1994/MaxMindDB.git",
      "state" : {
        "revision" : "fe8ea83e4d42df74cdcb1fb9a0ee6641c57961a6",
        "version" : "1.0.3"
      }
    },
    {
      "identity" : "multipart",
      "kind" : "remoteSourceControl",
      "location" : "https://github.com/kojirou1994/Multipart.git",
      "state" : {
        "revision" : "bd654705f9885a6343ec1b6cc939c1c9704db37d",
        "version" : "0.2.1"
      }
    },
    {
      "identity" : "networking",
      "kind" : "remoteSourceControl",
      "location" : "https://github.com/kojirou1994/Networking.git",
      "state" : {
        "revision" : "aed071675cf9d3372bb9cda562761779a3339815",
        "version" : "0.4.4"
      }
    },
    {
      "identity" : "precondition",
      "kind" : "remoteSourceControl",
      "location" : "https://github.com/kojirou1994/Precondition.git",
      "state" : {
        "revision" : "8bfd454560f5bfafe9bf0db3e929ef65ba189400",
        "version" : "1.0.0"
      }
    },
    {
      "identity" : "proxyinfo",
      "kind" : "remoteSourceControl",
      "location" : "https://github.com/kojirou1994/ProxyInfo.git",
      "state" : {
        "revision" : "d6e522e9c569a672fe8bd92700b15024ae3bc24d",
        "version" : "0.0.2"
      }
    },
    {
      "identity" : "proxyutility",
      "kind" : "remoteSourceControl",
      "location" : "https://github.com/kojirou1994/ProxyUtility.git",
      "state" : {
        "revision" : "cdd04c37a6c82da3e6bd37ff6880a6e5009947a8",
        "version" : "0.2.1"
      }
    },
    {
      "identity" : "swift-argument-parser",
      "kind" : "remoteSourceControl",
      "location" : "https://github.com/apple/swift-argument-parser.git",
      "state" : {
        "revision" : "fee6933f37fde9a5e12a1e4aeaa93fe60116ff2a",
        "version" : "1.2.2"
      }
    },
    {
      "identity" : "swift-atomics",
      "kind" : "remoteSourceControl",
      "location" : "https://github.com/apple/swift-atomics.git",
      "state" : {
        "revision" : "6c89474e62719ddcc1e9614989fff2f68208fe10",
        "version" : "1.1.0"
      }
    },
    {
      "identity" : "swift-collections",
      "kind" : "remoteSourceControl",
      "location" : "https://github.com/apple/swift-collections.git",
      "state" : {
        "revision" : "937e904258d22af6e447a0b72c0bc67583ef64a2",
        "version" : "1.0.4"
      }
    },
    {
      "identity" : "swift-extras-base64",
      "kind" : "remoteSourceControl",
      "location" : "https://github.com/swift-extras/swift-extras-base64.git",
      "state" : {
        "revision" : "97237cf1bc1feebaeb0febec91c1e1b9e4d839b3",
        "version" : "0.7.0"
      }
    },
    {
      "identity" : "swift-log",
      "kind" : "remoteSourceControl",
      "location" : "https://github.com/apple/swift-log.git",
      "state" : {
        "revision" : "32e8d724467f8fe623624570367e3d50c5638e46",
        "version" : "1.5.2"
      }
    },
    {
      "identity" : "swift-nio",
      "kind" : "remoteSourceControl",
      "location" : "https://github.com/apple/swift-nio.git",
      "state" : {
        "revision" : "d1690f85419fdac8d54e350fb6d2ab9fd95afd75",
        "version" : "2.51.1"
      }
    },
    {
      "identity" : "swift-nio-extras",
      "kind" : "remoteSourceControl",
      "location" : "https://github.com/apple/swift-nio-extras.git",
      "state" : {
        "revision" : "0e0d0aab665ff1a0659ce75ac003081f2b1c8997",
        "version" : "1.19.0"
      }
    },
    {
      "identity" : "swift-nio-http2",
      "kind" : "remoteSourceControl",
      "location" : "https://github.com/apple/swift-nio-http2.git",
      "state" : {
        "revision" : "6d021a48483dbb273a9be43f65234bdc9185b364",
        "version" : "1.26.0"
      }
    },
    {
      "identity" : "swift-nio-ssl",
      "kind" : "remoteSourceControl",
      "location" : "https://github.com/apple/swift-nio-ssl.git",
      "state" : {
        "revision" : "e866a626e105042a6a72a870c88b4c531ba05f83",
        "version" : "2.24.0"
      }
    },
    {
      "identity" : "swift-nio-transport-services",
      "kind" : "remoteSourceControl",
      "location" : "https://github.com/apple/swift-nio-transport-services.git",
      "state" : {
        "revision" : "41f4098903878418537020075a4d8a6e20a0b182",
        "version" : "1.17.0"
      }
    },
    {
      "identity" : "urlfilemanager",
      "kind" : "remoteSourceControl",
      "location" : "https://github.com/kojirou1994/URLFileManager.git",
      "state" : {
        "revision" : "3472bc7e7b047429fcb1d128467ca5e675ecae72",
        "version" : "0.1.4"
      }
    },
    {
      "identity" : "yams",
      "kind" : "remoteSourceControl",
      "location" : "https://github.com/jpsim/Yams.git",
      "state" : {
        "revision" : "81a65c4069c28011ee432f2858ba0de49b086677",
        "version" : "3.0.1"
      }
    }
  ],
  "version" : 2
}
